// !$*UTF8*$!
{
	archiveVersion = 1;
	classes = {
	};
	objectVersion = 50;
	objects = {

/* Begin PBXBuildFile section */
		91CAA6A925556D1A000815F2 /* MapWeatherController.swift in Sources */ = {isa = PBXBuildFile; fileRef = 91CAA6A825556D1A000815F2 /* MapWeatherController.swift */; };
		91CAA6BF2556F5ED000815F2 /* SimpleViewFilter.swift in Sources */ = {isa = PBXBuildFile; fileRef = 91CAA6BE2556F5ED000815F2 /* SimpleViewFilter.swift */; };
		91CAA6C42556F87A000815F2 /* SimpleWeatherData.swift in Sources */ = {isa = PBXBuildFile; fileRef = 91CAA6C32556F87A000815F2 /* SimpleWeatherData.swift */; };
		91CAA6CA25580BEA000815F2 /* LandingViewController.swift in Sources */ = {isa = PBXBuildFile; fileRef = 91CAA6C925580BEA000815F2 /* LandingViewController.swift */; };
		91CAA72725599D2D000815F2 /* MapWeatherDelegate.swift in Sources */ = {isa = PBXBuildFile; fileRef = 91CAA72625599D2D000815F2 /* MapWeatherDelegate.swift */; };
		91E26BFE2546D28800790CF6 /* AppDelegate.swift in Sources */ = {isa = PBXBuildFile; fileRef = 91E26BFD2546D28800790CF6 /* AppDelegate.swift */; };
		91E26C002546D28800790CF6 /* SceneDelegate.swift in Sources */ = {isa = PBXBuildFile; fileRef = 91E26BFF2546D28800790CF6 /* SceneDelegate.swift */; };
		91E26C022546D28800790CF6 /* ViewController.swift in Sources */ = {isa = PBXBuildFile; fileRef = 91E26C012546D28800790CF6 /* ViewController.swift */; };
		91E26C052546D28800790CF6 /* Main.storyboard in Resources */ = {isa = PBXBuildFile; fileRef = 91E26C032546D28800790CF6 /* Main.storyboard */; };
		91E26C072546D28900790CF6 /* Assets.xcassets in Resources */ = {isa = PBXBuildFile; fileRef = 91E26C062546D28900790CF6 /* Assets.xcassets */; };
		91E26C0A2546D28900790CF6 /* LaunchScreen.storyboard in Resources */ = {isa = PBXBuildFile; fileRef = 91E26C082546D28900790CF6 /* LaunchScreen.storyboard */; };
		91E26C152546D28900790CF6 /* pg5601_exam_weatherappTests.swift in Sources */ = {isa = PBXBuildFile; fileRef = 91E26C142546D28900790CF6 /* pg5601_exam_weatherappTests.swift */; };
		91E26C202546D28900790CF6 /* pg5601_exam_weatherappUITests.swift in Sources */ = {isa = PBXBuildFile; fileRef = 91E26C1F2546D28900790CF6 /* pg5601_exam_weatherappUITests.swift */; };
		91E26C482546E43800790CF6 /* ForecastTableViewCell.swift in Sources */ = {isa = PBXBuildFile; fileRef = 91E26C472546E43800790CF6 /* ForecastTableViewCell.swift */; };
		91E26C502546E45A00790CF6 /* ForecastTableViewController.swift in Sources */ = {isa = PBXBuildFile; fileRef = 91E26C4F2546E45A00790CF6 /* ForecastTableViewController.swift */; };
		91E26C5925500E6B00790CF6 /* ForecastData.swift in Sources */ = {isa = PBXBuildFile; fileRef = 91E26C5825500E6B00790CF6 /* ForecastData.swift */; };
		91E26C5E25500EAE00790CF6 /* Geometry.swift in Sources */ = {isa = PBXBuildFile; fileRef = 91E26C5D25500EAE00790CF6 /* Geometry.swift */; };
		91E26C6325500EDF00790CF6 /* Properties.swift in Sources */ = {isa = PBXBuildFile; fileRef = 91E26C6225500EDF00790CF6 /* Properties.swift */; };
		91E26C6825500EF500790CF6 /* Meta.swift in Sources */ = {isa = PBXBuildFile; fileRef = 91E26C6725500EF500790CF6 /* Meta.swift */; };
		91E26C6D25500F0D00790CF6 /* Units.swift in Sources */ = {isa = PBXBuildFile; fileRef = 91E26C6C25500F0D00790CF6 /* Units.swift */; };
		91E26C7225500F3300790CF6 /* Timesery.swift in Sources */ = {isa = PBXBuildFile; fileRef = 91E26C7125500F3300790CF6 /* Timesery.swift */; };
		91E26C7725500F4800790CF6 /* DataClass.swift in Sources */ = {isa = PBXBuildFile; fileRef = 91E26C7625500F4800790CF6 /* DataClass.swift */; };
		91E26C7C25500F5F00790CF6 /* Instant.swift in Sources */ = {isa = PBXBuildFile; fileRef = 91E26C7B25500F5F00790CF6 /* Instant.swift */; };
		91E26C8125500F7E00790CF6 /* InstantDetails.swift in Sources */ = {isa = PBXBuildFile; fileRef = 91E26C8025500F7E00790CF6 /* InstantDetails.swift */; };
		91E26C8625500F9E00790CF6 /* Next12_Hours.swift in Sources */ = {isa = PBXBuildFile; fileRef = 91E26C8525500F9E00790CF6 /* Next12_Hours.swift */; };
		91E26C8B25500FBC00790CF6 /* Summary.swift in Sources */ = {isa = PBXBuildFile; fileRef = 91E26C8A25500FBC00790CF6 /* Summary.swift */; };
		91E26C9025500FE600790CF6 /* NextHours.swift in Sources */ = {isa = PBXBuildFile; fileRef = 91E26C8F25500FE600790CF6 /* NextHours.swift */; };
		91E26C952550100E00790CF6 /* Next1_HoursDetails.swift in Sources */ = {isa = PBXBuildFile; fileRef = 91E26C942550100E00790CF6 /* Next1_HoursDetails.swift */; };
		91E26C9B2552CC6B00790CF6 /* WeatherConverter.swift in Sources */ = {isa = PBXBuildFile; fileRef = 91E26C9A2552CC6B00790CF6 /* WeatherConverter.swift */; };
		91E26CA92552DDAE00790CF6 /* MapViewController.swift in Sources */ = {isa = PBXBuildFile; fileRef = 91E26CA82552DDAE00790CF6 /* MapViewController.swift */; };
		91E26CAE2552E25400790CF6 /* GlobalSettings.swift in Sources */ = {isa = PBXBuildFile; fileRef = 91E26CAD2552E25400790CF6 /* GlobalSettings.swift */; };
/* End PBXBuildFile section */

/* Begin PBXContainerItemProxy section */
		91E26C112546D28900790CF6 /* PBXContainerItemProxy */ = {
			isa = PBXContainerItemProxy;
			containerPortal = 91E26BF22546D28800790CF6 /* Project object */;
			proxyType = 1;
			remoteGlobalIDString = 91E26BF92546D28800790CF6;
			remoteInfo = "pg5601-exam-weatherapp";
		};
		91E26C1C2546D28900790CF6 /* PBXContainerItemProxy */ = {
			isa = PBXContainerItemProxy;
			containerPortal = 91E26BF22546D28800790CF6 /* Project object */;
			proxyType = 1;
			remoteGlobalIDString = 91E26BF92546D28800790CF6;
			remoteInfo = "pg5601-exam-weatherapp";
		};
/* End PBXContainerItemProxy section */

/* Begin PBXFileReference section */
		91CAA6A825556D1A000815F2 /* MapWeatherController.swift */ = {isa = PBXFileReference; lastKnownFileType = sourcecode.swift; path = MapWeatherController.swift; sourceTree = "<group>"; };
		91CAA6BE2556F5ED000815F2 /* SimpleViewFilter.swift */ = {isa = PBXFileReference; lastKnownFileType = sourcecode.swift; path = SimpleViewFilter.swift; sourceTree = "<group>"; };
		91CAA6C32556F87A000815F2 /* SimpleWeatherData.swift */ = {isa = PBXFileReference; lastKnownFileType = sourcecode.swift; path = SimpleWeatherData.swift; sourceTree = "<group>"; };
		91CAA6C925580BEA000815F2 /* LandingViewController.swift */ = {isa = PBXFileReference; lastKnownFileType = sourcecode.swift; path = LandingViewController.swift; sourceTree = "<group>"; };
		91CAA72625599D2D000815F2 /* MapWeatherDelegate.swift */ = {isa = PBXFileReference; lastKnownFileType = sourcecode.swift; path = MapWeatherDelegate.swift; sourceTree = "<group>"; };
		91E26BFA2546D28800790CF6 /* pg5601-exam-weatherapp.app */ = {isa = PBXFileReference; explicitFileType = wrapper.application; includeInIndex = 0; path = "pg5601-exam-weatherapp.app"; sourceTree = BUILT_PRODUCTS_DIR; };
		91E26BFD2546D28800790CF6 /* AppDelegate.swift */ = {isa = PBXFileReference; lastKnownFileType = sourcecode.swift; path = AppDelegate.swift; sourceTree = "<group>"; };
		91E26BFF2546D28800790CF6 /* SceneDelegate.swift */ = {isa = PBXFileReference; lastKnownFileType = sourcecode.swift; path = SceneDelegate.swift; sourceTree = "<group>"; };
		91E26C012546D28800790CF6 /* ViewController.swift */ = {isa = PBXFileReference; lastKnownFileType = sourcecode.swift; path = ViewController.swift; sourceTree = "<group>"; };
		91E26C042546D28800790CF6 /* Base */ = {isa = PBXFileReference; lastKnownFileType = file.storyboard; name = Base; path = Base.lproj/Main.storyboard; sourceTree = "<group>"; };
		91E26C062546D28900790CF6 /* Assets.xcassets */ = {isa = PBXFileReference; lastKnownFileType = folder.assetcatalog; path = Assets.xcassets; sourceTree = "<group>"; };
		91E26C092546D28900790CF6 /* Base */ = {isa = PBXFileReference; lastKnownFileType = file.storyboard; name = Base; path = Base.lproj/LaunchScreen.storyboard; sourceTree = "<group>"; };
		91E26C0B2546D28900790CF6 /* Info.plist */ = {isa = PBXFileReference; lastKnownFileType = text.plist.xml; path = Info.plist; sourceTree = "<group>"; };
		91E26C102546D28900790CF6 /* pg5601-exam-weatherappTests.xctest */ = {isa = PBXFileReference; explicitFileType = wrapper.cfbundle; includeInIndex = 0; path = "pg5601-exam-weatherappTests.xctest"; sourceTree = BUILT_PRODUCTS_DIR; };
		91E26C142546D28900790CF6 /* pg5601_exam_weatherappTests.swift */ = {isa = PBXFileReference; lastKnownFileType = sourcecode.swift; path = pg5601_exam_weatherappTests.swift; sourceTree = "<group>"; };
		91E26C162546D28900790CF6 /* Info.plist */ = {isa = PBXFileReference; lastKnownFileType = text.plist.xml; path = Info.plist; sourceTree = "<group>"; };
		91E26C1B2546D28900790CF6 /* pg5601-exam-weatherappUITests.xctest */ = {isa = PBXFileReference; explicitFileType = wrapper.cfbundle; includeInIndex = 0; path = "pg5601-exam-weatherappUITests.xctest"; sourceTree = BUILT_PRODUCTS_DIR; };
		91E26C1F2546D28900790CF6 /* pg5601_exam_weatherappUITests.swift */ = {isa = PBXFileReference; lastKnownFileType = sourcecode.swift; path = pg5601_exam_weatherappUITests.swift; sourceTree = "<group>"; };
		91E26C212546D28900790CF6 /* Info.plist */ = {isa = PBXFileReference; lastKnownFileType = text.plist.xml; path = Info.plist; sourceTree = "<group>"; };
		91E26C472546E43800790CF6 /* ForecastTableViewCell.swift */ = {isa = PBXFileReference; lastKnownFileType = sourcecode.swift; path = ForecastTableViewCell.swift; sourceTree = "<group>"; };
		91E26C4F2546E45A00790CF6 /* ForecastTableViewController.swift */ = {isa = PBXFileReference; lastKnownFileType = sourcecode.swift; path = ForecastTableViewController.swift; sourceTree = "<group>"; };
		91E26C5825500E6B00790CF6 /* ForecastData.swift */ = {isa = PBXFileReference; lastKnownFileType = sourcecode.swift; path = ForecastData.swift; sourceTree = "<group>"; };
		91E26C5D25500EAE00790CF6 /* Geometry.swift */ = {isa = PBXFileReference; lastKnownFileType = sourcecode.swift; path = Geometry.swift; sourceTree = "<group>"; };
		91E26C6225500EDF00790CF6 /* Properties.swift */ = {isa = PBXFileReference; lastKnownFileType = sourcecode.swift; path = Properties.swift; sourceTree = "<group>"; };
		91E26C6725500EF500790CF6 /* Meta.swift */ = {isa = PBXFileReference; lastKnownFileType = sourcecode.swift; path = Meta.swift; sourceTree = "<group>"; };
		91E26C6C25500F0D00790CF6 /* Units.swift */ = {isa = PBXFileReference; lastKnownFileType = sourcecode.swift; path = Units.swift; sourceTree = "<group>"; };
		91E26C7125500F3300790CF6 /* Timesery.swift */ = {isa = PBXFileReference; lastKnownFileType = sourcecode.swift; path = Timesery.swift; sourceTree = "<group>"; };
		91E26C7625500F4800790CF6 /* DataClass.swift */ = {isa = PBXFileReference; lastKnownFileType = sourcecode.swift; path = DataClass.swift; sourceTree = "<group>"; };
		91E26C7B25500F5F00790CF6 /* Instant.swift */ = {isa = PBXFileReference; lastKnownFileType = sourcecode.swift; path = Instant.swift; sourceTree = "<group>"; };
		91E26C8025500F7E00790CF6 /* InstantDetails.swift */ = {isa = PBXFileReference; lastKnownFileType = sourcecode.swift; path = InstantDetails.swift; sourceTree = "<group>"; };
		91E26C8525500F9E00790CF6 /* Next12_Hours.swift */ = {isa = PBXFileReference; lastKnownFileType = sourcecode.swift; path = Next12_Hours.swift; sourceTree = "<group>"; };
		91E26C8A25500FBC00790CF6 /* Summary.swift */ = {isa = PBXFileReference; lastKnownFileType = sourcecode.swift; path = Summary.swift; sourceTree = "<group>"; };
		91E26C8F25500FE600790CF6 /* NextHours.swift */ = {isa = PBXFileReference; lastKnownFileType = sourcecode.swift; path = NextHours.swift; sourceTree = "<group>"; };
		91E26C942550100E00790CF6 /* Next1_HoursDetails.swift */ = {isa = PBXFileReference; lastKnownFileType = sourcecode.swift; path = Next1_HoursDetails.swift; sourceTree = "<group>"; };
		91E26C9A2552CC6B00790CF6 /* WeatherConverter.swift */ = {isa = PBXFileReference; lastKnownFileType = sourcecode.swift; path = WeatherConverter.swift; sourceTree = "<group>"; };
		91E26CA82552DDAE00790CF6 /* MapViewController.swift */ = {isa = PBXFileReference; lastKnownFileType = sourcecode.swift; path = MapViewController.swift; sourceTree = "<group>"; };
		91E26CAD2552E25400790CF6 /* GlobalSettings.swift */ = {isa = PBXFileReference; lastKnownFileType = sourcecode.swift; path = GlobalSettings.swift; sourceTree = "<group>"; };
/* End PBXFileReference section */

/* Begin PBXFrameworksBuildPhase section */
		91E26BF72546D28800790CF6 /* Frameworks */ = {
			isa = PBXFrameworksBuildPhase;
			buildActionMask = 2147483647;
			files = (
			);
			runOnlyForDeploymentPostprocessing = 0;
		};
		91E26C0D2546D28900790CF6 /* Frameworks */ = {
			isa = PBXFrameworksBuildPhase;
			buildActionMask = 2147483647;
			files = (
			);
			runOnlyForDeploymentPostprocessing = 0;
		};
		91E26C182546D28900790CF6 /* Frameworks */ = {
			isa = PBXFrameworksBuildPhase;
			buildActionMask = 2147483647;
			files = (
			);
			runOnlyForDeploymentPostprocessing = 0;
		};
/* End PBXFrameworksBuildPhase section */

/* Begin PBXGroup section */
		91CAA6C825580BB5000815F2 /* Landing */ = {
			isa = PBXGroup;
			children = (
				91CAA6C925580BEA000815F2 /* LandingViewController.swift */,
			);
			path = Landing;
			sourceTree = "<group>";
		};
		91E26BF12546D28800790CF6 = {
			isa = PBXGroup;
			children = (
				91E26BFC2546D28800790CF6 /* pg5601-exam-weatherapp */,
				91E26C132546D28900790CF6 /* pg5601-exam-weatherappTests */,
				91E26C1E2546D28900790CF6 /* pg5601-exam-weatherappUITests */,
				91E26BFB2546D28800790CF6 /* Products */,
			);
			sourceTree = "<group>";
		};
		91E26BFB2546D28800790CF6 /* Products */ = {
			isa = PBXGroup;
			children = (
				91E26BFA2546D28800790CF6 /* pg5601-exam-weatherapp.app */,
				91E26C102546D28900790CF6 /* pg5601-exam-weatherappTests.xctest */,
				91E26C1B2546D28900790CF6 /* pg5601-exam-weatherappUITests.xctest */,
			);
			name = Products;
			sourceTree = "<group>";
		};
		91E26BFC2546D28800790CF6 /* pg5601-exam-weatherapp */ = {
			isa = PBXGroup;
			children = (
				91CAA6C825580BB5000815F2 /* Landing */,
				91E26C9F2552DD7000790CF6 /* Map */,
				91E26C992552CC4300790CF6 /* Utils */,
				91E26C5725500CA500790CF6 /* Models */,
				91E26C332546E0BC00790CF6 /* Forecast */,
				91E26BFD2546D28800790CF6 /* AppDelegate.swift */,
				91E26BFF2546D28800790CF6 /* SceneDelegate.swift */,
				91E26C012546D28800790CF6 /* ViewController.swift */,
				91E26C032546D28800790CF6 /* Main.storyboard */,
				91E26C062546D28900790CF6 /* Assets.xcassets */,
				91E26C082546D28900790CF6 /* LaunchScreen.storyboard */,
				91E26C0B2546D28900790CF6 /* Info.plist */,
			);
			path = "pg5601-exam-weatherapp";
			sourceTree = "<group>";
		};
		91E26C132546D28900790CF6 /* pg5601-exam-weatherappTests */ = {
			isa = PBXGroup;
			children = (
				91E26C142546D28900790CF6 /* pg5601_exam_weatherappTests.swift */,
				91E26C162546D28900790CF6 /* Info.plist */,
			);
			path = "pg5601-exam-weatherappTests";
			sourceTree = "<group>";
		};
		91E26C1E2546D28900790CF6 /* pg5601-exam-weatherappUITests */ = {
			isa = PBXGroup;
			children = (
				91E26C1F2546D28900790CF6 /* pg5601_exam_weatherappUITests.swift */,
				91E26C212546D28900790CF6 /* Info.plist */,
			);
			path = "pg5601-exam-weatherappUITests";
			sourceTree = "<group>";
		};
		91E26C332546E0BC00790CF6 /* Forecast */ = {
			isa = PBXGroup;
			children = (
				91E26C4F2546E45A00790CF6 /* ForecastTableViewController.swift */,
				91E26C472546E43800790CF6 /* ForecastTableViewCell.swift */,
			);
			path = Forecast;
			sourceTree = "<group>";
		};
		91E26C5725500CA500790CF6 /* Models */ = {
			isa = PBXGroup;
			children = (
				91E26C5825500E6B00790CF6 /* ForecastData.swift */,
				91E26C5D25500EAE00790CF6 /* Geometry.swift */,
				91E26C6225500EDF00790CF6 /* Properties.swift */,
				91E26C6725500EF500790CF6 /* Meta.swift */,
				91E26C6C25500F0D00790CF6 /* Units.swift */,
				91E26C7125500F3300790CF6 /* Timesery.swift */,
				91E26C7625500F4800790CF6 /* DataClass.swift */,
				91E26C7B25500F5F00790CF6 /* Instant.swift */,
				91E26C8025500F7E00790CF6 /* InstantDetails.swift */,
				91E26C8525500F9E00790CF6 /* Next12_Hours.swift */,
				91E26C8A25500FBC00790CF6 /* Summary.swift */,
				91E26C8F25500FE600790CF6 /* NextHours.swift */,
				91E26C942550100E00790CF6 /* Next1_HoursDetails.swift */,
				91CAA6C32556F87A000815F2 /* SimpleWeatherData.swift */,
			);
			path = Models;
			sourceTree = "<group>";
		};
		91E26C992552CC4300790CF6 /* Utils */ = {
			isa = PBXGroup;
			children = (
				91E26C9A2552CC6B00790CF6 /* WeatherConverter.swift */,
				91E26CAD2552E25400790CF6 /* GlobalSettings.swift */,
				91CAA6BE2556F5ED000815F2 /* SimpleViewFilter.swift */,
			);
			path = Utils;
			sourceTree = "<group>";
		};
		91E26C9F2552DD7000790CF6 /* Map */ = {
			isa = PBXGroup;
			children = (
				91E26CA82552DDAE00790CF6 /* MapViewController.swift */,
				91CAA6A825556D1A000815F2 /* MapWeatherController.swift */,
				91CAA72625599D2D000815F2 /* MapWeatherDelegate.swift */,
			);
			path = Map;
			sourceTree = "<group>";
		};
/* End PBXGroup section */

/* Begin PBXNativeTarget section */
		91E26BF92546D28800790CF6 /* pg5601-exam-weatherapp */ = {
			isa = PBXNativeTarget;
			buildConfigurationList = 91E26C242546D28900790CF6 /* Build configuration list for PBXNativeTarget "pg5601-exam-weatherapp" */;
			buildPhases = (
				91E26BF62546D28800790CF6 /* Sources */,
				91E26BF72546D28800790CF6 /* Frameworks */,
				91E26BF82546D28800790CF6 /* Resources */,
			);
			buildRules = (
			);
			dependencies = (
			);
			name = "pg5601-exam-weatherapp";
			productName = "pg5601-exam-weatherapp";
			productReference = 91E26BFA2546D28800790CF6 /* pg5601-exam-weatherapp.app */;
			productType = "com.apple.product-type.application";
		};
		91E26C0F2546D28900790CF6 /* pg5601-exam-weatherappTests */ = {
			isa = PBXNativeTarget;
			buildConfigurationList = 91E26C272546D28900790CF6 /* Build configuration list for PBXNativeTarget "pg5601-exam-weatherappTests" */;
			buildPhases = (
				91E26C0C2546D28900790CF6 /* Sources */,
				91E26C0D2546D28900790CF6 /* Frameworks */,
				91E26C0E2546D28900790CF6 /* Resources */,
			);
			buildRules = (
			);
			dependencies = (
				91E26C122546D28900790CF6 /* PBXTargetDependency */,
			);
			name = "pg5601-exam-weatherappTests";
			productName = "pg5601-exam-weatherappTests";
			productReference = 91E26C102546D28900790CF6 /* pg5601-exam-weatherappTests.xctest */;
			productType = "com.apple.product-type.bundle.unit-test";
		};
		91E26C1A2546D28900790CF6 /* pg5601-exam-weatherappUITests */ = {
			isa = PBXNativeTarget;
			buildConfigurationList = 91E26C2A2546D28900790CF6 /* Build configuration list for PBXNativeTarget "pg5601-exam-weatherappUITests" */;
			buildPhases = (
				91E26C172546D28900790CF6 /* Sources */,
				91E26C182546D28900790CF6 /* Frameworks */,
				91E26C192546D28900790CF6 /* Resources */,
			);
			buildRules = (
			);
			dependencies = (
				91E26C1D2546D28900790CF6 /* PBXTargetDependency */,
			);
			name = "pg5601-exam-weatherappUITests";
			productName = "pg5601-exam-weatherappUITests";
			productReference = 91E26C1B2546D28900790CF6 /* pg5601-exam-weatherappUITests.xctest */;
			productType = "com.apple.product-type.bundle.ui-testing";
		};
/* End PBXNativeTarget section */

/* Begin PBXProject section */
		91E26BF22546D28800790CF6 /* Project object */ = {
			isa = PBXProject;
			attributes = {
				LastSwiftUpdateCheck = 1210;
				LastUpgradeCheck = 1210;
				TargetAttributes = {
					91E26BF92546D28800790CF6 = {
						CreatedOnToolsVersion = 12.1;
					};
					91E26C0F2546D28900790CF6 = {
						CreatedOnToolsVersion = 12.1;
						TestTargetID = 91E26BF92546D28800790CF6;
					};
					91E26C1A2546D28900790CF6 = {
						CreatedOnToolsVersion = 12.1;
						TestTargetID = 91E26BF92546D28800790CF6;
					};
				};
			};
			buildConfigurationList = 91E26BF52546D28800790CF6 /* Build configuration list for PBXProject "pg5601-exam-weatherapp" */;
			compatibilityVersion = "Xcode 9.3";
			developmentRegion = en;
			hasScannedForEncodings = 0;
			knownRegions = (
				en,
				Base,
			);
			mainGroup = 91E26BF12546D28800790CF6;
			productRefGroup = 91E26BFB2546D28800790CF6 /* Products */;
			projectDirPath = "";
			projectRoot = "";
			targets = (
				91E26BF92546D28800790CF6 /* pg5601-exam-weatherapp */,
				91E26C0F2546D28900790CF6 /* pg5601-exam-weatherappTests */,
				91E26C1A2546D28900790CF6 /* pg5601-exam-weatherappUITests */,
			);
		};
/* End PBXProject section */

/* Begin PBXResourcesBuildPhase section */
		91E26BF82546D28800790CF6 /* Resources */ = {
			isa = PBXResourcesBuildPhase;
			buildActionMask = 2147483647;
			files = (
				91E26C0A2546D28900790CF6 /* LaunchScreen.storyboard in Resources */,
				91E26C072546D28900790CF6 /* Assets.xcassets in Resources */,
				91E26C052546D28800790CF6 /* Main.storyboard in Resources */,
			);
			runOnlyForDeploymentPostprocessing = 0;
		};
		91E26C0E2546D28900790CF6 /* Resources */ = {
			isa = PBXResourcesBuildPhase;
			buildActionMask = 2147483647;
			files = (
			);
			runOnlyForDeploymentPostprocessing = 0;
		};
		91E26C192546D28900790CF6 /* Resources */ = {
			isa = PBXResourcesBuildPhase;
			buildActionMask = 2147483647;
			files = (
			);
			runOnlyForDeploymentPostprocessing = 0;
		};
/* End PBXResourcesBuildPhase section */

/* Begin PBXSourcesBuildPhase section */
		91E26BF62546D28800790CF6 /* Sources */ = {
			isa = PBXSourcesBuildPhase;
			buildActionMask = 2147483647;
			files = (
				91E26C6325500EDF00790CF6 /* Properties.swift in Sources */,
				91E26C022546D28800790CF6 /* ViewController.swift in Sources */,
				91E26C8625500F9E00790CF6 /* Next12_Hours.swift in Sources */,
				91E26CA92552DDAE00790CF6 /* MapViewController.swift in Sources */,
				91E26C9B2552CC6B00790CF6 /* WeatherConverter.swift in Sources */,
				91E26C9025500FE600790CF6 /* NextHours.swift in Sources */,
				91E26C5E25500EAE00790CF6 /* Geometry.swift in Sources */,
				91E26C6D25500F0D00790CF6 /* Units.swift in Sources */,
				91E26C482546E43800790CF6 /* ForecastTableViewCell.swift in Sources */,
				91E26C8B25500FBC00790CF6 /* Summary.swift in Sources */,
				91CAA72725599D2D000815F2 /* MapWeatherDelegate.swift in Sources */,
				91E26BFE2546D28800790CF6 /* AppDelegate.swift in Sources */,
				91E26C7725500F4800790CF6 /* DataClass.swift in Sources */,
				91CAA6BF2556F5ED000815F2 /* SimpleViewFilter.swift in Sources */,
				91E26C7C25500F5F00790CF6 /* Instant.swift in Sources */,
				91CAA6CA25580BEA000815F2 /* LandingViewController.swift in Sources */,
				91E26C002546D28800790CF6 /* SceneDelegate.swift in Sources */,
				91E26C7225500F3300790CF6 /* Timesery.swift in Sources */,
				91CAA6C42556F87A000815F2 /* SimpleWeatherData.swift in Sources */,
				91E26C952550100E00790CF6 /* Next1_HoursDetails.swift in Sources */,
				91E26C8125500F7E00790CF6 /* InstantDetails.swift in Sources */,
				91E26CAE2552E25400790CF6 /* GlobalSettings.swift in Sources */,
				91E26C5925500E6B00790CF6 /* ForecastData.swift in Sources */,
				91CAA6A925556D1A000815F2 /* MapWeatherController.swift in Sources */,
				91E26C502546E45A00790CF6 /* ForecastTableViewController.swift in Sources */,
				91E26C6825500EF500790CF6 /* Meta.swift in Sources */,
			);
			runOnlyForDeploymentPostprocessing = 0;
		};
		91E26C0C2546D28900790CF6 /* Sources */ = {
			isa = PBXSourcesBuildPhase;
			buildActionMask = 2147483647;
			files = (
				91E26C152546D28900790CF6 /* pg5601_exam_weatherappTests.swift in Sources */,
			);
			runOnlyForDeploymentPostprocessing = 0;
		};
		91E26C172546D28900790CF6 /* Sources */ = {
			isa = PBXSourcesBuildPhase;
			buildActionMask = 2147483647;
			files = (
				91E26C202546D28900790CF6 /* pg5601_exam_weatherappUITests.swift in Sources */,
			);
			runOnlyForDeploymentPostprocessing = 0;
		};
/* End PBXSourcesBuildPhase section */

/* Begin PBXTargetDependency section */
		91E26C122546D28900790CF6 /* PBXTargetDependency */ = {
			isa = PBXTargetDependency;
			target = 91E26BF92546D28800790CF6 /* pg5601-exam-weatherapp */;
			targetProxy = 91E26C112546D28900790CF6 /* PBXContainerItemProxy */;
		};
		91E26C1D2546D28900790CF6 /* PBXTargetDependency */ = {
			isa = PBXTargetDependency;
			target = 91E26BF92546D28800790CF6 /* pg5601-exam-weatherapp */;
			targetProxy = 91E26C1C2546D28900790CF6 /* PBXContainerItemProxy */;
		};
/* End PBXTargetDependency section */

/* Begin PBXVariantGroup section */
		91E26C032546D28800790CF6 /* Main.storyboard */ = {
			isa = PBXVariantGroup;
			children = (
				91E26C042546D28800790CF6 /* Base */,
			);
			name = Main.storyboard;
			sourceTree = "<group>";
		};
		91E26C082546D28900790CF6 /* LaunchScreen.storyboard */ = {
			isa = PBXVariantGroup;
			children = (
				91E26C092546D28900790CF6 /* Base */,
			);
			name = LaunchScreen.storyboard;
			sourceTree = "<group>";
		};
/* End PBXVariantGroup section */

/* Begin XCBuildConfiguration section */
		91E26C222546D28900790CF6 /* Debug */ = {
			isa = XCBuildConfiguration;
			buildSettings = {
				ALWAYS_SEARCH_USER_PATHS = NO;
				CLANG_ANALYZER_NONNULL = YES;
				CLANG_ANALYZER_NUMBER_OBJECT_CONVERSION = YES_AGGRESSIVE;
				CLANG_CXX_LANGUAGE_STANDARD = "gnu++14";
				CLANG_CXX_LIBRARY = "libc++";
				CLANG_ENABLE_MODULES = YES;
				CLANG_ENABLE_OBJC_ARC = YES;
				CLANG_ENABLE_OBJC_WEAK = YES;
				CLANG_WARN_BLOCK_CAPTURE_AUTORELEASING = YES;
				CLANG_WARN_BOOL_CONVERSION = YES;
				CLANG_WARN_COMMA = YES;
				CLANG_WARN_CONSTANT_CONVERSION = YES;
				CLANG_WARN_DEPRECATED_OBJC_IMPLEMENTATIONS = YES;
				CLANG_WARN_DIRECT_OBJC_ISA_USAGE = YES_ERROR;
				CLANG_WARN_DOCUMENTATION_COMMENTS = YES;
				CLANG_WARN_EMPTY_BODY = YES;
				CLANG_WARN_ENUM_CONVERSION = YES;
				CLANG_WARN_INFINITE_RECURSION = YES;
				CLANG_WARN_INT_CONVERSION = YES;
				CLANG_WARN_NON_LITERAL_NULL_CONVERSION = YES;
				CLANG_WARN_OBJC_IMPLICIT_RETAIN_SELF = YES;
				CLANG_WARN_OBJC_LITERAL_CONVERSION = YES;
				CLANG_WARN_OBJC_ROOT_CLASS = YES_ERROR;
				CLANG_WARN_QUOTED_INCLUDE_IN_FRAMEWORK_HEADER = YES;
				CLANG_WARN_RANGE_LOOP_ANALYSIS = YES;
				CLANG_WARN_STRICT_PROTOTYPES = YES;
				CLANG_WARN_SUSPICIOUS_MOVE = YES;
				CLANG_WARN_UNGUARDED_AVAILABILITY = YES_AGGRESSIVE;
				CLANG_WARN_UNREACHABLE_CODE = YES;
				CLANG_WARN__DUPLICATE_METHOD_MATCH = YES;
				COPY_PHASE_STRIP = NO;
				DEBUG_INFORMATION_FORMAT = dwarf;
				ENABLE_STRICT_OBJC_MSGSEND = YES;
				ENABLE_TESTABILITY = YES;
				GCC_C_LANGUAGE_STANDARD = gnu11;
				GCC_DYNAMIC_NO_PIC = NO;
				GCC_NO_COMMON_BLOCKS = YES;
				GCC_OPTIMIZATION_LEVEL = 0;
				GCC_PREPROCESSOR_DEFINITIONS = (
					"DEBUG=1",
					"$(inherited)",
				);
				GCC_WARN_64_TO_32_BIT_CONVERSION = YES;
				GCC_WARN_ABOUT_RETURN_TYPE = YES_ERROR;
				GCC_WARN_UNDECLARED_SELECTOR = YES;
				GCC_WARN_UNINITIALIZED_AUTOS = YES_AGGRESSIVE;
				GCC_WARN_UNUSED_FUNCTION = YES;
				GCC_WARN_UNUSED_VARIABLE = YES;
				IPHONEOS_DEPLOYMENT_TARGET = 14.1;
				MTL_ENABLE_DEBUG_INFO = INCLUDE_SOURCE;
				MTL_FAST_MATH = YES;
				ONLY_ACTIVE_ARCH = YES;
				SDKROOT = iphoneos;
				SWIFT_ACTIVE_COMPILATION_CONDITIONS = DEBUG;
				SWIFT_OPTIMIZATION_LEVEL = "-Onone";
			};
			name = Debug;
		};
		91E26C232546D28900790CF6 /* Release */ = {
			isa = XCBuildConfiguration;
			buildSettings = {
				ALWAYS_SEARCH_USER_PATHS = NO;
				CLANG_ANALYZER_NONNULL = YES;
				CLANG_ANALYZER_NUMBER_OBJECT_CONVERSION = YES_AGGRESSIVE;
				CLANG_CXX_LANGUAGE_STANDARD = "gnu++14";
				CLANG_CXX_LIBRARY = "libc++";
				CLANG_ENABLE_MODULES = YES;
				CLANG_ENABLE_OBJC_ARC = YES;
				CLANG_ENABLE_OBJC_WEAK = YES;
				CLANG_WARN_BLOCK_CAPTURE_AUTORELEASING = YES;
				CLANG_WARN_BOOL_CONVERSION = YES;
				CLANG_WARN_COMMA = YES;
				CLANG_WARN_CONSTANT_CONVERSION = YES;
				CLANG_WARN_DEPRECATED_OBJC_IMPLEMENTATIONS = YES;
				CLANG_WARN_DIRECT_OBJC_ISA_USAGE = YES_ERROR;
				CLANG_WARN_DOCUMENTATION_COMMENTS = YES;
				CLANG_WARN_EMPTY_BODY = YES;
				CLANG_WARN_ENUM_CONVERSION = YES;
				CLANG_WARN_INFINITE_RECURSION = YES;
				CLANG_WARN_INT_CONVERSION = YES;
				CLANG_WARN_NON_LITERAL_NULL_CONVERSION = YES;
				CLANG_WARN_OBJC_IMPLICIT_RETAIN_SELF = YES;
				CLANG_WARN_OBJC_LITERAL_CONVERSION = YES;
				CLANG_WARN_OBJC_ROOT_CLASS = YES_ERROR;
				CLANG_WARN_QUOTED_INCLUDE_IN_FRAMEWORK_HEADER = YES;
				CLANG_WARN_RANGE_LOOP_ANALYSIS = YES;
				CLANG_WARN_STRICT_PROTOTYPES = YES;
				CLANG_WARN_SUSPICIOUS_MOVE = YES;
				CLANG_WARN_UNGUARDED_AVAILABILITY = YES_AGGRESSIVE;
				CLANG_WARN_UNREACHABLE_CODE = YES;
				CLANG_WARN__DUPLICATE_METHOD_MATCH = YES;
				COPY_PHASE_STRIP = NO;
				DEBUG_INFORMATION_FORMAT = "dwarf-with-dsym";
				ENABLE_NS_ASSERTIONS = NO;
				ENABLE_STRICT_OBJC_MSGSEND = YES;
				GCC_C_LANGUAGE_STANDARD = gnu11;
				GCC_NO_COMMON_BLOCKS = YES;
				GCC_WARN_64_TO_32_BIT_CONVERSION = YES;
				GCC_WARN_ABOUT_RETURN_TYPE = YES_ERROR;
				GCC_WARN_UNDECLARED_SELECTOR = YES;
				GCC_WARN_UNINITIALIZED_AUTOS = YES_AGGRESSIVE;
				GCC_WARN_UNUSED_FUNCTION = YES;
				GCC_WARN_UNUSED_VARIABLE = YES;
				IPHONEOS_DEPLOYMENT_TARGET = 14.1;
				MTL_ENABLE_DEBUG_INFO = NO;
				MTL_FAST_MATH = YES;
				SDKROOT = iphoneos;
				SWIFT_COMPILATION_MODE = wholemodule;
				SWIFT_OPTIMIZATION_LEVEL = "-O";
				VALIDATE_PRODUCT = YES;
			};
			name = Release;
		};
		91E26C252546D28900790CF6 /* Debug */ = {
			isa = XCBuildConfiguration;
			buildSettings = {
				ASSETCATALOG_COMPILER_APPICON_NAME = AppIcon;
				ASSETCATALOG_COMPILER_GLOBAL_ACCENT_COLOR_NAME = AccentColor;
				CODE_SIGN_STYLE = Automatic;
				INFOPLIST_FILE = "pg5601-exam-weatherapp/Info.plist";
				LD_RUNPATH_SEARCH_PATHS = (
					"$(inherited)",
					"@executable_path/Frameworks",
				);
				PRODUCT_BUNDLE_IDENTIFIER = "no.kristiania.iosdev.pg5601-exam-weatherapp";
				PRODUCT_NAME = "$(TARGET_NAME)";
				SWIFT_VERSION = 5.0;
				TARGETED_DEVICE_FAMILY = "1,2";
			};
			name = Debug;
		};
		91E26C262546D28900790CF6 /* Release */ = {
			isa = XCBuildConfiguration;
			buildSettings = {
				ASSETCATALOG_COMPILER_APPICON_NAME = AppIcon;
				ASSETCATALOG_COMPILER_GLOBAL_ACCENT_COLOR_NAME = AccentColor;
				CODE_SIGN_STYLE = Automatic;
				INFOPLIST_FILE = "pg5601-exam-weatherapp/Info.plist";
				LD_RUNPATH_SEARCH_PATHS = (
					"$(inherited)",
					"@executable_path/Frameworks",
				);
				PRODUCT_BUNDLE_IDENTIFIER = "no.kristiania.iosdev.pg5601-exam-weatherapp";
				PRODUCT_NAME = "$(TARGET_NAME)";
				SWIFT_VERSION = 5.0;
				TARGETED_DEVICE_FAMILY = "1,2";
			};
			name = Release;
		};
		91E26C282546D28900790CF6 /* Debug */ = {
			isa = XCBuildConfiguration;
			buildSettings = {
				ALWAYS_EMBED_SWIFT_STANDARD_LIBRARIES = YES;
				BUNDLE_LOADER = "$(TEST_HOST)";
				CODE_SIGN_STYLE = Automatic;
				INFOPLIST_FILE = "pg5601-exam-weatherappTests/Info.plist";
				IPHONEOS_DEPLOYMENT_TARGET = 14.1;
				LD_RUNPATH_SEARCH_PATHS = (
					"$(inherited)",
					"@executable_path/Frameworks",
					"@loader_path/Frameworks",
				);
				PRODUCT_BUNDLE_IDENTIFIER = "no.kristiania.iosdev.pg5601-exam-weatherappTests";
				PRODUCT_NAME = "$(TARGET_NAME)";
				SWIFT_VERSION = 5.0;
				TARGETED_DEVICE_FAMILY = "1,2";
				TEST_HOST = "$(BUILT_PRODUCTS_DIR)/pg5601-exam-weatherapp.app/pg5601-exam-weatherapp";
			};
			name = Debug;
		};
		91E26C292546D28900790CF6 /* Release */ = {
			isa = XCBuildConfiguration;
			buildSettings = {
				ALWAYS_EMBED_SWIFT_STANDARD_LIBRARIES = YES;
				BUNDLE_LOADER = "$(TEST_HOST)";
				CODE_SIGN_STYLE = Automatic;
				INFOPLIST_FILE = "pg5601-exam-weatherappTests/Info.plist";
				IPHONEOS_DEPLOYMENT_TARGET = 14.1;
				LD_RUNPATH_SEARCH_PATHS = (
					"$(inherited)",
					"@executable_path/Frameworks",
					"@loader_path/Frameworks",
				);
				PRODUCT_BUNDLE_IDENTIFIER = "no.kristiania.iosdev.pg5601-exam-weatherappTests";
				PRODUCT_NAME = "$(TARGET_NAME)";
				SWIFT_VERSION = 5.0;
				TARGETED_DEVICE_FAMILY = "1,2";
				TEST_HOST = "$(BUILT_PRODUCTS_DIR)/pg5601-exam-weatherapp.app/pg5601-exam-weatherapp";
			};
			name = Release;
		};
		91E26C2B2546D28900790CF6 /* Debug */ = {
			isa = XCBuildConfiguration;
			buildSettings = {
				ALWAYS_EMBED_SWIFT_STANDARD_LIBRARIES = YES;
				CODE_SIGN_STYLE = Automatic;
				INFOPLIST_FILE = "pg5601-exam-weatherappUITests/Info.plist";
				LD_RUNPATH_SEARCH_PATHS = (
					"$(inherited)",
					"@executable_path/Frameworks",
					"@loader_path/Frameworks",
				);
				PRODUCT_BUNDLE_IDENTIFIER = "no.kristiania.iosdev.pg5601-exam-weatherappUITests";
				PRODUCT_NAME = "$(TARGET_NAME)";
				SWIFT_VERSION = 5.0;
				TARGETED_DEVICE_FAMILY = "1,2";
				TEST_TARGET_NAME = "pg5601-exam-weatherapp";
			};
			name = Debug;
		};
		91E26C2C2546D28900790CF6 /* Release */ = {
			isa = XCBuildConfiguration;
			buildSettings = {
				ALWAYS_EMBED_SWIFT_STANDARD_LIBRARIES = YES;
				CODE_SIGN_STYLE = Automatic;
				INFOPLIST_FILE = "pg5601-exam-weatherappUITests/Info.plist";
				LD_RUNPATH_SEARCH_PATHS = (
					"$(inherited)",
					"@executable_path/Frameworks",
					"@loader_path/Frameworks",
				);
				PRODUCT_BUNDLE_IDENTIFIER = "no.kristiania.iosdev.pg5601-exam-weatherappUITests";
				PRODUCT_NAME = "$(TARGET_NAME)";
				SWIFT_VERSION = 5.0;
				TARGETED_DEVICE_FAMILY = "1,2";
				TEST_TARGET_NAME = "pg5601-exam-weatherapp";
			};
			name = Release;
		};
/* End XCBuildConfiguration section */

/* Begin XCConfigurationList section */
		91E26BF52546D28800790CF6 /* Build configuration list for PBXProject "pg5601-exam-weatherapp" */ = {
			isa = XCConfigurationList;
			buildConfigurations = (
				91E26C222546D28900790CF6 /* Debug */,
				91E26C232546D28900790CF6 /* Release */,
			);
			defaultConfigurationIsVisible = 0;
			defaultConfigurationName = Release;
		};
		91E26C242546D28900790CF6 /* Build configuration list for PBXNativeTarget "pg5601-exam-weatherapp" */ = {
			isa = XCConfigurationList;
			buildConfigurations = (
				91E26C252546D28900790CF6 /* Debug */,
				91E26C262546D28900790CF6 /* Release */,
			);
			defaultConfigurationIsVisible = 0;
			defaultConfigurationName = Release;
		};
		91E26C272546D28900790CF6 /* Build configuration list for PBXNativeTarget "pg5601-exam-weatherappTests" */ = {
			isa = XCConfigurationList;
			buildConfigurations = (
				91E26C282546D28900790CF6 /* Debug */,
				91E26C292546D28900790CF6 /* Release */,
			);
			defaultConfigurationIsVisible = 0;
			defaultConfigurationName = Release;
		};
		91E26C2A2546D28900790CF6 /* Build configuration list for PBXNativeTarget "pg5601-exam-weatherappUITests" */ = {
			isa = XCConfigurationList;
			buildConfigurations = (
				91E26C2B2546D28900790CF6 /* Debug */,
				91E26C2C2546D28900790CF6 /* Release */,
			);
			defaultConfigurationIsVisible = 0;
			defaultConfigurationName = Release;
		};
/* End XCConfigurationList section */
	};
	rootObject = 91E26BF22546D28800790CF6 /* Project object */;
}
